
Microsoft Visual Studio Solution File, Format Version 12.00
# Visual Studio 15
VisualStudioVersion = 15.0.28010.2041
MinimumVisualStudioVersion = 10.0.40219.1
Project("{F14B399A-7131-4C87-9E4B-1186C45EF12D}") = "SSRSReportProject", "SSRSReportProject\SSRSReportProject.rptproj", "{9CB3F636-2DC5-4A80-8C4C-C8C470CF3463}"
EndProject
Project("{FAE04EC0-301F-11D3-BF4B-00C04F79EFBC}") = "SSRSDemoAspDotNetMVCProject", "SSRSDemoAspDotNetMVCProject\SSRSDemoAspDotNetMVCProject.csproj", "{704707BA-2AA2-47E4-8BCA-CA336D5F4550}"
EndProject
Global
	GlobalSection(SolutionConfigurationPlatforms) = preSolution
		Debug|Any CPU = Debug|Any CPU
		DebugLocal|Any CPU = DebugLocal|Any CPU
		Release|Any CPU = Release|Any CPU
	EndGlobalSection
	GlobalSection(ProjectConfigurationPlatforms) = postSolution
		{9CB3F636-2DC5-4A80-8C4C-C8C470CF3463}.Debug|Any CPU.ActiveCfg = Debug
		{9CB3F636-2DC5-4A80-8C4C-C8C470CF3463}.Debug|Any CPU.Build.0 = Debug
		{9CB3F636-2DC5-4A80-8C4C-C8C470CF3463}.Debug|Any CPU.Deploy.0 = Debug
		{9CB3F636-2DC5-4A80-8C4C-C8C470CF3463}.DebugLocal|Any CPU.ActiveCfg = DebugLocal
		{9CB3F636-2DC5-4A80-8C4C-C8C470CF3463}.DebugLocal|Any CPU.Build.0 = DebugLocal
		{9CB3F636-2DC5-4A80-8C4C-C8C470CF3463}.DebugLocal|Any CPU.Deploy.0 = DebugLocal
		{9CB3F636-2DC5-4A80-8C4C-C8C470CF3463}.Release|Any CPU.ActiveCfg = Release
		{9CB3F636-2DC5-4A80-8C4C-C8C470CF3463}.Release|Any CPU.Build.0 = Release
		{9CB3F636-2DC5-4A80-8C4C-C8C470CF3463}.Release|Any CPU.Deploy.0 = Release
		{704707BA-2AA2-47E4-8BCA-CA336D5F4550}.Debug|Any CPU.ActiveCfg = Debug|Any CPU
		{704707BA-2AA2-47E4-8BCA-CA336D5F4550}.Debug|Any CPU.Build.0 = Debug|Any CPU
		{704707BA-2AA2-47E4-8BCA-CA336D5F4550}.DebugLocal|Any CPU.ActiveCfg = Debug|Any CPU
		{704707BA-2AA2-47E4-8BCA-CA336D5F4550}.DebugLocal|Any CPU.Build.0 = Debug|Any CPU
		{704707BA-2AA2-47E4-8BCA-CA336D5F4550}.Release|Any CPU.ActiveCfg = Release|Any CPU
		{704707BA-2AA2-47E4-8BCA-CA336D5F4550}.Release|Any CPU.Build.0 = Release|Any CPU
	EndGlobalSection
	GlobalSection(SolutionProperties) = preSolution
		HideSolutionNode = FALSE
	EndGlobalSection
	GlobalSection(ExtensibilityGlobals) = postSolution
		SolutionGuid = {2AEA4420-EC7D-4E14-A50A-C242425272B4}
	EndGlobalSection
EndGlobal
